// !$*UTF8*$!
{
	archiveVersion = 1;
	classes = {
	};
	objectVersion = 50;
	objects = {

/* Begin PBXBuildFile section */
		B40D5B8323BC03A600E67BAB /* ApplicationRouter.m in Sources */ = {isa = PBXBuildFile; fileRef = B40D5B8223BC03A600E67BAB /* ApplicationRouter.m */; };
		B432E70423B2C2A30036AA04 /* WodListViewItem.m in Sources */ = {isa = PBXBuildFile; fileRef = B432E70323B2C2A30036AA04 /* WodListViewItem.m */; };
		B432E70723B2C33E0036AA04 /* WodListPresenter.m in Sources */ = {isa = PBXBuildFile; fileRef = B432E70623B2C33E0036AA04 /* WodListPresenter.m */; };
		B432E70C23B2C9040036AA04 /* WodListViewController.m in Sources */ = {isa = PBXBuildFile; fileRef = B432E70923B2C9040036AA04 /* WodListViewController.m */; };
		B43B3FAB23BA903E00B43C57 /* WodItemCell.m in Sources */ = {isa = PBXBuildFile; fileRef = B43B3FA923BA903E00B43C57 /* WodItemCell.m */; };
		B43B3FAC23BA903E00B43C57 /* WodItemCell.xib in Resources */ = {isa = PBXBuildFile; fileRef = B43B3FAA23BA903E00B43C57 /* WodItemCell.xib */; };
		B44D9D3423B7E16A007A4EC5 /* ApplicationComponent.m in Sources */ = {isa = PBXBuildFile; fileRef = B44D9D3323B7E16A007A4EC5 /* ApplicationComponent.m */; };
		B4956B5923B2AFD3001C8391 /* AppDelegate.m in Sources */ = {isa = PBXBuildFile; fileRef = B4956B5823B2AFD3001C8391 /* AppDelegate.m */; };
		B4956B5C23B2AFD3001C8391 /* SceneDelegate.m in Sources */ = {isa = PBXBuildFile; fileRef = B4956B5B23B2AFD3001C8391 /* SceneDelegate.m */; };
		B4956B5F23B2AFD3001C8391 /* ViewController.m in Sources */ = {isa = PBXBuildFile; fileRef = B4956B5E23B2AFD3001C8391 /* ViewController.m */; };
		B4956B6423B2AFD5001C8391 /* Assets.xcassets in Resources */ = {isa = PBXBuildFile; fileRef = B4956B6323B2AFD5001C8391 /* Assets.xcassets */; };
		B4956B6723B2AFD5001C8391 /* LaunchScreen.storyboard in Resources */ = {isa = PBXBuildFile; fileRef = B4956B6523B2AFD5001C8391 /* LaunchScreen.storyboard */; };
		B4956B6A23B2AFD5001C8391 /* main.m in Sources */ = {isa = PBXBuildFile; fileRef = B4956B6923B2AFD5001C8391 /* main.m */; };
		B4FE9F0923B2CDE700788EEF /* Model.xcdatamodeld in Sources */ = {isa = PBXBuildFile; fileRef = B4FE9F0723B2CDE700788EEF /* Model.xcdatamodeld */; };
		B4FE9F0F23B2CFB400788EEF /* CoreDataManager.m in Sources */ = {isa = PBXBuildFile; fileRef = B4FE9F0E23B2CFB400788EEF /* CoreDataManager.m */; };
/* End PBXBuildFile section */

/* Begin PBXFileReference section */
		B40D5B8123BC03A600E67BAB /* ApplicationRouter.h */ = {isa = PBXFileReference; lastKnownFileType = sourcecode.c.h; path = ApplicationRouter.h; sourceTree = "<group>"; };
		B40D5B8223BC03A600E67BAB /* ApplicationRouter.m */ = {isa = PBXFileReference; lastKnownFileType = sourcecode.c.objc; path = ApplicationRouter.m; sourceTree = "<group>"; };
		B432E6FE23B2BAF70036AA04 /* WodListContract.h */ = {isa = PBXFileReference; lastKnownFileType = sourcecode.c.h; path = WodListContract.h; sourceTree = "<group>"; };
		B432E70223B2C2A30036AA04 /* WodListViewItem.h */ = {isa = PBXFileReference; lastKnownFileType = sourcecode.c.h; path = WodListViewItem.h; sourceTree = "<group>"; };
		B432E70323B2C2A30036AA04 /* WodListViewItem.m */ = {isa = PBXFileReference; lastKnownFileType = sourcecode.c.objc; path = WodListViewItem.m; sourceTree = "<group>"; };
		B432E70523B2C33E0036AA04 /* WodListPresenter.h */ = {isa = PBXFileReference; lastKnownFileType = sourcecode.c.h; path = WodListPresenter.h; sourceTree = "<group>"; };
		B432E70623B2C33E0036AA04 /* WodListPresenter.m */ = {isa = PBXFileReference; lastKnownFileType = sourcecode.c.objc; path = WodListPresenter.m; sourceTree = "<group>"; };
		B432E70923B2C9040036AA04 /* WodListViewController.m */ = {isa = PBXFileReference; fileEncoding = 4; lastKnownFileType = sourcecode.c.objc; path = WodListViewController.m; sourceTree = "<group>"; };
		B432E70A23B2C9040036AA04 /* WodListViewController.h */ = {isa = PBXFileReference; fileEncoding = 4; lastKnownFileType = sourcecode.c.h; path = WodListViewController.h; sourceTree = "<group>"; };
		B43B3FA823BA903E00B43C57 /* WodItemCell.h */ = {isa = PBXFileReference; lastKnownFileType = sourcecode.c.h; path = WodItemCell.h; sourceTree = "<group>"; };
		B43B3FA923BA903E00B43C57 /* WodItemCell.m */ = {isa = PBXFileReference; lastKnownFileType = sourcecode.c.objc; path = WodItemCell.m; sourceTree = "<group>"; };
		B43B3FAA23BA903E00B43C57 /* WodItemCell.xib */ = {isa = PBXFileReference; lastKnownFileType = file.xib; path = WodItemCell.xib; sourceTree = "<group>"; };
		B44D9D3223B7E16A007A4EC5 /* ApplicationComponent.h */ = {isa = PBXFileReference; lastKnownFileType = sourcecode.c.h; path = ApplicationComponent.h; sourceTree = "<group>"; };
		B44D9D3323B7E16A007A4EC5 /* ApplicationComponent.m */ = {isa = PBXFileReference; lastKnownFileType = sourcecode.c.objc; path = ApplicationComponent.m; sourceTree = "<group>"; };
		B4956B5423B2AFD3001C8391 /* WodNotify.app */ = {isa = PBXFileReference; explicitFileType = wrapper.application; includeInIndex = 0; path = WodNotify.app; sourceTree = BUILT_PRODUCTS_DIR; };
		B4956B5723B2AFD3001C8391 /* AppDelegate.h */ = {isa = PBXFileReference; lastKnownFileType = sourcecode.c.h; path = AppDelegate.h; sourceTree = "<group>"; };
		B4956B5823B2AFD3001C8391 /* AppDelegate.m */ = {isa = PBXFileReference; lastKnownFileType = sourcecode.c.objc; path = AppDelegate.m; sourceTree = "<group>"; };
		B4956B5A23B2AFD3001C8391 /* SceneDelegate.h */ = {isa = PBXFileReference; lastKnownFileType = sourcecode.c.h; path = SceneDelegate.h; sourceTree = "<group>"; };
		B4956B5B23B2AFD3001C8391 /* SceneDelegate.m */ = {isa = PBXFileReference; lastKnownFileType = sourcecode.c.objc; path = SceneDelegate.m; sourceTree = "<group>"; };
		B4956B5D23B2AFD3001C8391 /* ViewController.h */ = {isa = PBXFileReference; lastKnownFileType = sourcecode.c.h; path = ViewController.h; sourceTree = "<group>"; };
		B4956B5E23B2AFD3001C8391 /* ViewController.m */ = {isa = PBXFileReference; lastKnownFileType = sourcecode.c.objc; path = ViewController.m; sourceTree = "<group>"; };
		B4956B6323B2AFD5001C8391 /* Assets.xcassets */ = {isa = PBXFileReference; lastKnownFileType = folder.assetcatalog; path = Assets.xcassets; sourceTree = "<group>"; };
		B4956B6623B2AFD5001C8391 /* Base */ = {isa = PBXFileReference; lastKnownFileType = file.storyboard; name = Base; path = Base.lproj/LaunchScreen.storyboard; sourceTree = "<group>"; };
		B4956B6823B2AFD5001C8391 /* Info.plist */ = {isa = PBXFileReference; lastKnownFileType = text.plist.xml; path = Info.plist; sourceTree = "<group>"; };
		B4956B6923B2AFD5001C8391 /* main.m */ = {isa = PBXFileReference; lastKnownFileType = sourcecode.c.objc; path = main.m; sourceTree = "<group>"; };
		B4FE9F0823B2CDE700788EEF /* Model.xcdatamodel */ = {isa = PBXFileReference; lastKnownFileType = wrapper.xcdatamodel; path = Model.xcdatamodel; sourceTree = "<group>"; };
		B4FE9F0D23B2CFB400788EEF /* CoreDataManager.h */ = {isa = PBXFileReference; lastKnownFileType = sourcecode.c.h; path = CoreDataManager.h; sourceTree = "<group>"; };
		B4FE9F0E23B2CFB400788EEF /* CoreDataManager.m */ = {isa = PBXFileReference; lastKnownFileType = sourcecode.c.objc; path = CoreDataManager.m; sourceTree = "<group>"; };
		B4FE9F1023B2D04A00788EEF /* LocalDataManagerProtocol.h */ = {isa = PBXFileReference; fileEncoding = 4; lastKnownFileType = sourcecode.c.h; path = LocalDataManagerProtocol.h; sourceTree = "<group>"; };
/* End PBXFileReference section */

/* Begin PBXFrameworksBuildPhase section */
		B4956B5123B2AFD3001C8391 /* Frameworks */ = {
			isa = PBXFrameworksBuildPhase;
			buildActionMask = 2147483647;
			files = (
			);
			runOnlyForDeploymentPostprocessing = 0;
		};
/* End PBXFrameworksBuildPhase section */

/* Begin PBXGroup section */
		B432E6F423B2B2980036AA04 /* Router */ = {
			isa = PBXGroup;
			children = (
				B40D5B8123BC03A600E67BAB /* ApplicationRouter.h */,
				B40D5B8223BC03A600E67BAB /* ApplicationRouter.m */,
			);
			path = Router;
			sourceTree = "<group>";
		};
		B432E6F523B2BA470036AA04 /* WodList */ = {
			isa = PBXGroup;
			children = (
				B432E6FC23B2BAA30036AA04 /* Contract */,
				B432E6FB23B2BA9B0036AA04 /* ViewController */,
				B432E6FD23B2BABC0036AA04 /* Presenter */,
			);
			path = WodList;
			sourceTree = "<group>";
		};
		B432E6FB23B2BA9B0036AA04 /* ViewController */ = {
			isa = PBXGroup;
			children = (
				B432E70A23B2C9040036AA04 /* WodListViewController.h */,
				B432E70923B2C9040036AA04 /* WodListViewController.m */,
				B43B3FA723BA900800B43C57 /* Cell */,
			);
			path = ViewController;
			sourceTree = "<group>";
		};
		B432E6FC23B2BAA30036AA04 /* Contract */ = {
			isa = PBXGroup;
			children = (
				B432E6FE23B2BAF70036AA04 /* WodListContract.h */,
				B432E70223B2C2A30036AA04 /* WodListViewItem.h */,
				B432E70323B2C2A30036AA04 /* WodListViewItem.m */,
			);
			path = Contract;
			sourceTree = "<group>";
		};
		B432E6FD23B2BABC0036AA04 /* Presenter */ = {
			isa = PBXGroup;
			children = (
				B432E70523B2C33E0036AA04 /* WodListPresenter.h */,
				B432E70623B2C33E0036AA04 /* WodListPresenter.m */,
			);
			path = Presenter;
			sourceTree = "<group>";
		};
		B43B3FA723BA900800B43C57 /* Cell */ = {
			isa = PBXGroup;
			children = (
				B43B3FA823BA903E00B43C57 /* WodItemCell.h */,
				B43B3FA923BA903E00B43C57 /* WodItemCell.m */,
				B43B3FAA23BA903E00B43C57 /* WodItemCell.xib */,
			);
			path = Cell;
			sourceTree = "<group>";
		};
		B44D9D3123B7E136007A4EC5 /* Dependency */ = {
			isa = PBXGroup;
			children = (
				B44D9D3223B7E16A007A4EC5 /* ApplicationComponent.h */,
				B44D9D3323B7E16A007A4EC5 /* ApplicationComponent.m */,
			);
			path = Dependency;
			sourceTree = "<group>";
		};
		B4956B4B23B2AFD3001C8391 = {
			isa = PBXGroup;
			children = (
				B4956B5623B2AFD3001C8391 /* WodNotify */,
				B4956B5523B2AFD3001C8391 /* Products */,
			);
			sourceTree = "<group>";
		};
		B4956B5523B2AFD3001C8391 /* Products */ = {
			isa = PBXGroup;
			children = (
				B4956B5423B2AFD3001C8391 /* WodNotify.app */,
			);
			name = Products;
			sourceTree = "<group>";
		};
		B4956B5623B2AFD3001C8391 /* WodNotify */ = {
			isa = PBXGroup;
			children = (
				B4956B7323B2B14E001C8391 /* Application */,
				B4956B7423B2B159001C8391 /* Scene */,
				B44D9D3123B7E136007A4EC5 /* Dependency */,
				B432E6F423B2B2980036AA04 /* Router */,
				B4956B7523B2B160001C8391 /* Feature */,
				B4FE9F0523B2CDC000788EEF /* Data */,
				B4956B7223B2B145001C8391 /* Resource */,
				B4956B7123B2B13E001C8391 /* Storyboard */,
				B4956B7023B2B133001C8391 /* SupportingFile */,
			);
			path = WodNotify;
			sourceTree = "<group>";
		};
		B4956B7023B2B133001C8391 /* SupportingFile */ = {
			isa = PBXGroup;
			children = (
				B4956B6823B2AFD5001C8391 /* Info.plist */,
				B4956B6923B2AFD5001C8391 /* main.m */,
			);
			path = SupportingFile;
			sourceTree = "<group>";
		};
		B4956B7123B2B13E001C8391 /* Storyboard */ = {
			isa = PBXGroup;
			children = (
				B4956B6523B2AFD5001C8391 /* LaunchScreen.storyboard */,
			);
			path = Storyboard;
			sourceTree = "<group>";
		};
		B4956B7223B2B145001C8391 /* Resource */ = {
			isa = PBXGroup;
			children = (
				B4956B6323B2AFD5001C8391 /* Assets.xcassets */,
			);
			path = Resource;
			sourceTree = "<group>";
		};
		B4956B7323B2B14E001C8391 /* Application */ = {
			isa = PBXGroup;
			children = (
				B4956B5723B2AFD3001C8391 /* AppDelegate.h */,
				B4956B5823B2AFD3001C8391 /* AppDelegate.m */,
			);
			path = Application;
			sourceTree = "<group>";
		};
		B4956B7423B2B159001C8391 /* Scene */ = {
			isa = PBXGroup;
			children = (
				B4956B5A23B2AFD3001C8391 /* SceneDelegate.h */,
				B4956B5B23B2AFD3001C8391 /* SceneDelegate.m */,
			);
			path = Scene;
			sourceTree = "<group>";
		};
		B4956B7523B2B160001C8391 /* Feature */ = {
			isa = PBXGroup;
			children = (
				B432E6F523B2BA470036AA04 /* WodList */,
				B4956B5D23B2AFD3001C8391 /* ViewController.h */,
				B4956B5E23B2AFD3001C8391 /* ViewController.m */,
			);
			path = Feature;
			sourceTree = "<group>";
		};
		B4FE9F0523B2CDC000788EEF /* Data */ = {
			isa = PBXGroup;
			children = (
				B4FE9F0B23B2CEDC00788EEF /* DataManager */,
				B4FE9F0A23B2CECB00788EEF /* Local */,
				B4FE9F0623B2CDCB00788EEF /* Model */,
			);
			path = Data;
			sourceTree = "<group>";
		};
		B4FE9F0623B2CDCB00788EEF /* Model */ = {
			isa = PBXGroup;
			children = (
				B4FE9F0723B2CDE700788EEF /* Model.xcdatamodeld */,
			);
			path = Model;
			sourceTree = "<group>";
		};
		B4FE9F0A23B2CECB00788EEF /* Local */ = {
			isa = PBXGroup;
			children = (
				B4FE9F0D23B2CFB400788EEF /* CoreDataManager.h */,
				B4FE9F0E23B2CFB400788EEF /* CoreDataManager.m */,
			);
			path = Local;
			sourceTree = "<group>";
		};
		B4FE9F0B23B2CEDC00788EEF /* DataManager */ = {
			isa = PBXGroup;
			children = (
				B4FE9F1023B2D04A00788EEF /* LocalDataManagerProtocol.h */,
			);
			path = DataManager;
			sourceTree = "<group>";
		};
/* End PBXGroup section */

/* Begin PBXNativeTarget section */
		B4956B5323B2AFD3001C8391 /* WodNotify */ = {
			isa = PBXNativeTarget;
			buildConfigurationList = B4956B6D23B2AFD5001C8391 /* Build configuration list for PBXNativeTarget "WodNotify" */;
			buildPhases = (
				B4956B5023B2AFD3001C8391 /* Sources */,
				B4956B5123B2AFD3001C8391 /* Frameworks */,
				B4956B5223B2AFD3001C8391 /* Resources */,
			);
			buildRules = (
			);
			dependencies = (
			);
			name = WodNotify;
			productName = WodNotify;
			productReference = B4956B5423B2AFD3001C8391 /* WodNotify.app */;
			productType = "com.apple.product-type.application";
		};
/* End PBXNativeTarget section */

/* Begin PBXProject section */
		B4956B4C23B2AFD3001C8391 /* Project object */ = {
			isa = PBXProject;
			attributes = {
				LastUpgradeCheck = 1130;
				ORGANIZATIONNAME = "Tyler Madonna";
				TargetAttributes = {
					B4956B5323B2AFD3001C8391 = {
						CreatedOnToolsVersion = 11.3;
					};
				};
			};
			buildConfigurationList = B4956B4F23B2AFD3001C8391 /* Build configuration list for PBXProject "WodNotify" */;
			compatibilityVersion = "Xcode 9.3";
			developmentRegion = en;
			hasScannedForEncodings = 0;
			knownRegions = (
				en,
				Base,
			);
			mainGroup = B4956B4B23B2AFD3001C8391;
			productRefGroup = B4956B5523B2AFD3001C8391 /* Products */;
			projectDirPath = "";
			projectRoot = "";
			targets = (
				B4956B5323B2AFD3001C8391 /* WodNotify */,
			);
		};
/* End PBXProject section */

/* Begin PBXResourcesBuildPhase section */
		B4956B5223B2AFD3001C8391 /* Resources */ = {
			isa = PBXResourcesBuildPhase;
			buildActionMask = 2147483647;
			files = (
				B4956B6723B2AFD5001C8391 /* LaunchScreen.storyboard in Resources */,
				B4956B6423B2AFD5001C8391 /* Assets.xcassets in Resources */,
				B43B3FAC23BA903E00B43C57 /* WodItemCell.xib in Resources */,
			);
			runOnlyForDeploymentPostprocessing = 0;
		};
/* End PBXResourcesBuildPhase section */

/* Begin PBXSourcesBuildPhase section */
		B4956B5023B2AFD3001C8391 /* Sources */ = {
			isa = PBXSourcesBuildPhase;
			buildActionMask = 2147483647;
			files = (
				B40D5B8323BC03A600E67BAB /* ApplicationRouter.m in Sources */,
				B432E70423B2C2A30036AA04 /* WodListViewItem.m in Sources */,
				B43B3FAB23BA903E00B43C57 /* WodItemCell.m in Sources */,
				B432E70723B2C33E0036AA04 /* WodListPresenter.m in Sources */,
				B4956B5F23B2AFD3001C8391 /* ViewController.m in Sources */,
				B4FE9F0F23B2CFB400788EEF /* CoreDataManager.m in Sources */,
				B4FE9F0923B2CDE700788EEF /* Model.xcdatamodeld in Sources */,
				B432E70C23B2C9040036AA04 /* WodListViewController.m in Sources */,
				B4956B5923B2AFD3001C8391 /* AppDelegate.m in Sources */,
				B4956B6A23B2AFD5001C8391 /* main.m in Sources */,
				B44D9D3423B7E16A007A4EC5 /* ApplicationComponent.m in Sources */,
				B4956B5C23B2AFD3001C8391 /* SceneDelegate.m in Sources */,
			);
			runOnlyForDeploymentPostprocessing = 0;
		};
/* End PBXSourcesBuildPhase section */

/* Begin PBXVariantGroup section */
		B4956B6523B2AFD5001C8391 /* LaunchScreen.storyboard */ = {
			isa = PBXVariantGroup;
			children = (
				B4956B6623B2AFD5001C8391 /* Base */,
			);
			name = LaunchScreen.storyboard;
			sourceTree = "<group>";
		};
/* End PBXVariantGroup section */

/* Begin XCBuildConfiguration section */
		B4956B6B23B2AFD5001C8391 /* Debug */ = {
			isa = XCBuildConfiguration;
			buildSettings = {
				ALWAYS_SEARCH_USER_PATHS = NO;
				CLANG_ANALYZER_NONNULL = YES;
				CLANG_ANALYZER_NUMBER_OBJECT_CONVERSION = YES_AGGRESSIVE;
				CLANG_CXX_LANGUAGE_STANDARD = "gnu++14";
				CLANG_CXX_LIBRARY = "libc++";
				CLANG_ENABLE_MODULES = YES;
				CLANG_ENABLE_OBJC_ARC = YES;
				CLANG_ENABLE_OBJC_WEAK = YES;
				CLANG_WARN_BLOCK_CAPTURE_AUTORELEASING = YES;
				CLANG_WARN_BOOL_CONVERSION = YES;
				CLANG_WARN_COMMA = YES;
				CLANG_WARN_CONSTANT_CONVERSION = YES;
				CLANG_WARN_DEPRECATED_OBJC_IMPLEMENTATIONS = YES;
				CLANG_WARN_DIRECT_OBJC_ISA_USAGE = YES_ERROR;
				CLANG_WARN_DOCUMENTATION_COMMENTS = YES;
				CLANG_WARN_EMPTY_BODY = YES;
				CLANG_WARN_ENUM_CONVERSION = YES;
				CLANG_WARN_INFINITE_RECURSION = YES;
				CLANG_WARN_INT_CONVERSION = YES;
				CLANG_WARN_NON_LITERAL_NULL_CONVERSION = YES;
				CLANG_WARN_OBJC_IMPLICIT_RETAIN_SELF = YES;
				CLANG_WARN_OBJC_LITERAL_CONVERSION = YES;
				CLANG_WARN_OBJC_ROOT_CLASS = YES_ERROR;
				CLANG_WARN_RANGE_LOOP_ANALYSIS = YES;
				CLANG_WARN_STRICT_PROTOTYPES = YES;
				CLANG_WARN_SUSPICIOUS_MOVE = YES;
				CLANG_WARN_UNGUARDED_AVAILABILITY = YES_AGGRESSIVE;
				CLANG_WARN_UNREACHABLE_CODE = YES;
				CLANG_WARN__DUPLICATE_METHOD_MATCH = YES;
				COPY_PHASE_STRIP = NO;
				DEBUG_INFORMATION_FORMAT = dwarf;
				ENABLE_STRICT_OBJC_MSGSEND = YES;
				ENABLE_TESTABILITY = YES;
				GCC_C_LANGUAGE_STANDARD = gnu11;
				GCC_DYNAMIC_NO_PIC = NO;
				GCC_NO_COMMON_BLOCKS = YES;
				GCC_OPTIMIZATION_LEVEL = 0;
				GCC_PREPROCESSOR_DEFINITIONS = (
					"DEBUG=1",
					"$(inherited)",
				);
				GCC_WARN_64_TO_32_BIT_CONVERSION = YES;
				GCC_WARN_ABOUT_RETURN_TYPE = YES_ERROR;
				GCC_WARN_UNDECLARED_SELECTOR = YES;
				GCC_WARN_UNINITIALIZED_AUTOS = YES_AGGRESSIVE;
				GCC_WARN_UNUSED_FUNCTION = YES;
				GCC_WARN_UNUSED_VARIABLE = YES;
				IPHONEOS_DEPLOYMENT_TARGET = 13.2;
				MTL_ENABLE_DEBUG_INFO = INCLUDE_SOURCE;
				MTL_FAST_MATH = YES;
				ONLY_ACTIVE_ARCH = YES;
				SDKROOT = iphoneos;
			};
			name = Debug;
		};
		B4956B6C23B2AFD5001C8391 /* Release */ = {
			isa = XCBuildConfiguration;
			buildSettings = {
				ALWAYS_SEARCH_USER_PATHS = NO;
				CLANG_ANALYZER_NONNULL = YES;
				CLANG_ANALYZER_NUMBER_OBJECT_CONVERSION = YES_AGGRESSIVE;
				CLANG_CXX_LANGUAGE_STANDARD = "gnu++14";
				CLANG_CXX_LIBRARY = "libc++";
				CLANG_ENABLE_MODULES = YES;
				CLANG_ENABLE_OBJC_ARC = YES;
				CLANG_ENABLE_OBJC_WEAK = YES;
				CLANG_WARN_BLOCK_CAPTURE_AUTORELEASING = YES;
				CLANG_WARN_BOOL_CONVERSION = YES;
				CLANG_WARN_COMMA = YES;
				CLANG_WARN_CONSTANT_CONVERSION = YES;
				CLANG_WARN_DEPRECATED_OBJC_IMPLEMENTATIONS = YES;
				CLANG_WARN_DIRECT_OBJC_ISA_USAGE = YES_ERROR;
				CLANG_WARN_DOCUMENTATION_COMMENTS = YES;
				CLANG_WARN_EMPTY_BODY = YES;
				CLANG_WARN_ENUM_CONVERSION = YES;
				CLANG_WARN_INFINITE_RECURSION = YES;
				CLANG_WARN_INT_CONVERSION = YES;
				CLANG_WARN_NON_LITERAL_NULL_CONVERSION = YES;
				CLANG_WARN_OBJC_IMPLICIT_RETAIN_SELF = YES;
				CLANG_WARN_OBJC_LITERAL_CONVERSION = YES;
				CLANG_WARN_OBJC_ROOT_CLASS = YES_ERROR;
				CLANG_WARN_RANGE_LOOP_ANALYSIS = YES;
				CLANG_WARN_STRICT_PROTOTYPES = YES;
				CLANG_WARN_SUSPICIOUS_MOVE = YES;
				CLANG_WARN_UNGUARDED_AVAILABILITY = YES_AGGRESSIVE;
				CLANG_WARN_UNREACHABLE_CODE = YES;
				CLANG_WARN__DUPLICATE_METHOD_MATCH = YES;
				COPY_PHASE_STRIP = NO;
				DEBUG_INFORMATION_FORMAT = "dwarf-with-dsym";
				ENABLE_NS_ASSERTIONS = NO;
				ENABLE_STRICT_OBJC_MSGSEND = YES;
				GCC_C_LANGUAGE_STANDARD = gnu11;
				GCC_NO_COMMON_BLOCKS = YES;
				GCC_WARN_64_TO_32_BIT_CONVERSION = YES;
				GCC_WARN_ABOUT_RETURN_TYPE = YES_ERROR;
				GCC_WARN_UNDECLARED_SELECTOR = YES;
				GCC_WARN_UNINITIALIZED_AUTOS = YES_AGGRESSIVE;
				GCC_WARN_UNUSED_FUNCTION = YES;
				GCC_WARN_UNUSED_VARIABLE = YES;
				IPHONEOS_DEPLOYMENT_TARGET = 13.2;
				MTL_ENABLE_DEBUG_INFO = NO;
				MTL_FAST_MATH = YES;
				SDKROOT = iphoneos;
				VALIDATE_PRODUCT = YES;
			};
			name = Release;
		};
		B4956B6E23B2AFD5001C8391 /* Debug */ = {
			isa = XCBuildConfiguration;
			buildSettings = {
				ASSETCATALOG_COMPILER_APPICON_NAME = AppIcon;
				CODE_SIGN_STYLE = Automatic;
				DEVELOPMENT_TEAM = 3Z4DAK43ND;
				INFOPLIST_FILE = WodNotify/SupportingFile/Info.plist;
				IPHONEOS_DEPLOYMENT_TARGET = 13.0;
				LD_RUNPATH_SEARCH_PATHS = (
					"$(inherited)",
					"@executable_path/Frameworks",
				);
				PRODUCT_BUNDLE_IDENTIFIER = com.madonnaapps.WodNotify;
				PRODUCT_NAME = "$(TARGET_NAME)";
				TARGETED_DEVICE_FAMILY = 1;
			};
			name = Debug;
		};
		B4956B6F23B2AFD5001C8391 /* Release */ = {
			isa = XCBuildConfiguration;
			buildSettings = {
				ASSETCATALOG_COMPILER_APPICON_NAME = AppIcon;
				CODE_SIGN_STYLE = Automatic;
				DEVELOPMENT_TEAM = 3Z4DAK43ND;
				INFOPLIST_FILE = WodNotify/SupportingFile/Info.plist;
				IPHONEOS_DEPLOYMENT_TARGET = 13.0;
				LD_RUNPATH_SEARCH_PATHS = (
					"$(inherited)",
					"@executable_path/Frameworks",
				);
				PRODUCT_BUNDLE_IDENTIFIER = com.madonnaapps.WodNotify;
				PRODUCT_NAME = "$(TARGET_NAME)";
				TARGETED_DEVICE_FAMILY = 1;
			};
			name = Release;
		};
/* End XCBuildConfiguration section */

/* Begin XCConfigurationList section */
		B4956B4F23B2AFD3001C8391 /* Build configuration list for PBXProject "WodNotify" */ = {
			isa = XCConfigurationList;
			buildConfigurations = (
				B4956B6B23B2AFD5001C8391 /* Debug */,
				B4956B6C23B2AFD5001C8391 /* Release */,
			);
			defaultConfigurationIsVisible = 0;
			defaultConfigurationName = Release;
		};
		B4956B6D23B2AFD5001C8391 /* Build configuration list for PBXNativeTarget "WodNotify" */ = {
			isa = XCConfigurationList;
			buildConfigurations = (
				B4956B6E23B2AFD5001C8391 /* Debug */,
				B4956B6F23B2AFD5001C8391 /* Release */,
			);
			defaultConfigurationIsVisible = 0;
			defaultConfigurationName = Release;
		};
/* End XCConfigurationList section */

/* Begin XCVersionGroup section */
		B4FE9F0723B2CDE700788EEF /* Model.xcdatamodeld */ = {
			isa = XCVersionGroup;
			children = (
				B4FE9F0823B2CDE700788EEF /* Model.xcdatamodel */,
			);
			currentVersion = B4FE9F0823B2CDE700788EEF /* Model.xcdatamodel */;
			path = Model.xcdatamodeld;
			sourceTree = "<group>";
			versionGroupType = wrapper.xcdatamodel;
		};
/* End XCVersionGroup section */
	};
	rootObject = B4956B4C23B2AFD3001C8391 /* Project object */;
}
